
Microsoft Visual Studio Solution File, Format Version 12.00
# Visual Studio Version 17
VisualStudioVersion = 17.0.32014.148
MinimumVisualStudioVersion = 10.0.40219.1
Project("{9A19103F-16F7-4668-BE54-9A1E7A4F7556}") = "1-PrimeiroProjeto", "ConsoleApp1\1-PrimeiroProjeto.csproj", "{DF4D41DA-E93A-4838-A745-BB0B07744710}"
EndProject
Project("{FAE04EC0-301F-11D3-BF4B-00C04F79EFBC}") = "2-Criando Variáveis", "2-Criando Variáveis\2-Criando Variáveis.csproj", "{1F8B2216-0730-4BB9-8F14-6F5F7D81C047}"
EndProject
Project("{FAE04EC0-301F-11D3-BF4B-00C04F79EFBC}") = "3-CriandoVariaveisPontoFlutuante", "3-CriandoVariaveisPontoFlutuante\3-CriandoVariaveisPontoFlutuante.csproj", "{639DEB11-1BAE-4AFB-9A02-85738A4913D5}"
EndProject
Project("{FAE04EC0-301F-11D3-BF4B-00C04F79EFBC}") = "4-ConversoesEOutrosTiposNumericos", "4-ConversoesEOutrosTiposNumericos\4-ConversoesEOutrosTiposNumericos.csproj", "{E3C81F20-101B-4E1F-A49E-BC550B83865C}"
EndProject
Project("{FAE04EC0-301F-11D3-BF4B-00C04F79EFBC}") = "5 - CaracteresETextos", "5 - CaracteresETextos\5 - CaracteresETextos.csproj", "{9AA97CF5-92E4-4620-A967-8EBA7448585E}"
EndProject
Project("{FAE04EC0-301F-11D3-BF4B-00C04F79EFBC}") = "6 -AtribuidoesDeVariaveis", "6 -AtribuicoesDeVariaveis\6 -AtribuidoesDeVariaveis\6 -AtribuidoesDeVariaveis\6 -AtribuidoesDeVariaveis.csproj", "{48D70B83-9FC9-47A0-9358-F9D9F1002161}"
EndProject
Project("{FAE04EC0-301F-11D3-BF4B-00C04F79EFBC}") = "7 - Condicionais", "7 - Condicionais\7 - Condicionais.csproj", "{E68B19F9-08FA-49F0-BFF0-EFFD455F0ED4}"
EndProject
Project("{FAE04EC0-301F-11D3-BF4B-00C04F79EFBC}") = "8 - Condicionais Parte 2", "8 - Condicionais Parte 2\8 - Condicionais Parte 2.csproj", "{7A38D992-2463-40D5-8602-0657F103640F}"
EndProject
Project("{FAE04EC0-301F-11D3-BF4B-00C04F79EFBC}") = "9 - Escopo", "9 - Escopo\9 - Escopo.csproj", "{1013874B-3843-49B1-B2BE-C12C2FEBF9DD}"
EndProject
Project("{FAE04EC0-301F-11D3-BF4B-00C04F79EFBC}") = "Exercício - Imposto de Renda", "Exercício - Imposto de Renda\Exercício - Imposto de Renda.csproj", "{53BC7D36-9553-4072-8A99-D84278ADABD0}"
EndProject
Project("{FAE04EC0-301F-11D3-BF4B-00C04F79EFBC}") = "Exercício - Imposto de Renda Parte 2", "Exercício - Imposto de Renda Parte 2\Exercício - Imposto de Renda Parte 2.csproj", "{F1BB4CBC-1921-4A34-A836-758B517287FA}"
EndProject
Project("{FAE04EC0-301F-11D3-BF4B-00C04F79EFBC}") = "Area do Círculo", "Area do Círculo\Area do Círculo.csproj", "{84C075BC-5BC9-4307-9CFB-56441C567B15}"
EndProject
Project("{FAE04EC0-301F-11D3-BF4B-00C04F79EFBC}") = "EquacaoDoSegundoGrau", "EquacaoDoSegundoGrau\EquacaoDoSegundoGrau.csproj", "{115CEEB4-6D10-4EA0-80B0-A19EFFBDFEA1}"
EndProject
Project("{FAE04EC0-301F-11D3-BF4B-00C04F79EFBC}") = "EquacaoDoSegundoGrauPOO", "EquacaoDoSegundoGrauPOO\EquacaoDoSegundoGrauPOO.csproj", "{E04144E0-4B46-4BE1-B755-208F3E557BC8}"
EndProject
Project("{FAE04EC0-301F-11D3-BF4B-00C04F79EFBC}") = "ValidadorDeCPF", "ValidadorDeCPF\ValidadorDeCPF.csproj", "{50F51048-BF4C-4B9F-A2C8-64E69328A0B3}"
EndProject
Project("{FAE04EC0-301F-11D3-BF4B-00C04F79EFBC}") = "P10- CalculaPoupanca", "10- CalculaPoupanca\P10- CalculaPoupanca.csproj", "{7EA80E19-E5D6-4F5F-BD3C-0376B81C0FE4}"
EndProject
Project("{FAE04EC0-301F-11D3-BF4B-00C04F79EFBC}") = "P11 - CalculaPoupanca - Parte 2", "P11 - CalculaPoupanca - Parte 2\P11 - CalculaPoupanca - Parte 2.csproj", "{0E51F761-C64E-45CE-9D90-B7D45ECE3EA6}"
EndProject
Project("{FAE04EC0-301F-11D3-BF4B-00C04F79EFBC}") = "P12 - CalculaInvestimentoLongoPrazo", "P12 - CalculaInvestimentoLongoPrazo\P12 - CalculaInvestimentoLongoPrazo.csproj", "{533EA48C-9A6C-4045-ACAE-235A5A8A3A93}"
EndProject
Project("{FAE04EC0-301F-11D3-BF4B-00C04F79EFBC}") = "P13 - ForEncadeado", "P13 - ForEncadeado\P13 - ForEncadeado.csproj", "{8D00B471-D26A-4AF0-93FC-2E35F2DD0F5E}"
EndProject
Project("{FAE04EC0-301F-11D3-BF4B-00C04F79EFBC}") = "ExercíciosCSharp", "ExercíciosCSharp\ExercíciosCSharp.csproj", "{00719DEE-02CC-41EB-BBBB-2F90DAC22B20}"
EndProject
Project("{FAE04EC0-301F-11D3-BF4B-00C04F79EFBC}") = "Tabuada", "Tabuada\Tabuada.csproj", "{3A7795CF-93D2-4DFE-B9A3-3CE4B533DD3A}"
EndProject
Project("{FAE04EC0-301F-11D3-BF4B-00C04F79EFBC}") = "ExercícioMultiplos", "ExercícioMultiplos\ExercícioMultiplos.csproj", "{873366A4-3632-4820-B640-939B613CE65A}"
EndProject
Project("{FAE04EC0-301F-11D3-BF4B-00C04F79EFBC}") = "Fatorial", "Fatorial\Fatorial.csproj", "{83C5C629-A555-4EDE-AFF1-A0BDBB6BF46F}"
EndProject
Global
	GlobalSection(SolutionConfigurationPlatforms) = preSolution
		Debug|Any CPU = Debug|Any CPU
		Release|Any CPU = Release|Any CPU
	EndGlobalSection
	GlobalSection(ProjectConfigurationPlatforms) = postSolution
		{DF4D41DA-E93A-4838-A745-BB0B07744710}.Debug|Any CPU.ActiveCfg = Debug|Any CPU
		{DF4D41DA-E93A-4838-A745-BB0B07744710}.Debug|Any CPU.Build.0 = Debug|Any CPU
		{DF4D41DA-E93A-4838-A745-BB0B07744710}.Release|Any CPU.ActiveCfg = Release|Any CPU
		{DF4D41DA-E93A-4838-A745-BB0B07744710}.Release|Any CPU.Build.0 = Release|Any CPU
		{1F8B2216-0730-4BB9-8F14-6F5F7D81C047}.Debug|Any CPU.ActiveCfg = Debug|Any CPU
		{1F8B2216-0730-4BB9-8F14-6F5F7D81C047}.Debug|Any CPU.Build.0 = Debug|Any CPU
		{1F8B2216-0730-4BB9-8F14-6F5F7D81C047}.Release|Any CPU.ActiveCfg = Release|Any CPU
		{1F8B2216-0730-4BB9-8F14-6F5F7D81C047}.Release|Any CPU.Build.0 = Release|Any CPU
		{639DEB11-1BAE-4AFB-9A02-85738A4913D5}.Debug|Any CPU.ActiveCfg = Debug|Any CPU
		{639DEB11-1BAE-4AFB-9A02-85738A4913D5}.Debug|Any CPU.Build.0 = Debug|Any CPU
		{639DEB11-1BAE-4AFB-9A02-85738A4913D5}.Release|Any CPU.ActiveCfg = Release|Any CPU
		{639DEB11-1BAE-4AFB-9A02-85738A4913D5}.Release|Any CPU.Build.0 = Release|Any CPU
		{E3C81F20-101B-4E1F-A49E-BC550B83865C}.Debug|Any CPU.ActiveCfg = Debug|Any CPU
		{E3C81F20-101B-4E1F-A49E-BC550B83865C}.Debug|Any CPU.Build.0 = Debug|Any CPU
		{E3C81F20-101B-4E1F-A49E-BC550B83865C}.Release|Any CPU.ActiveCfg = Release|Any CPU
		{E3C81F20-101B-4E1F-A49E-BC550B83865C}.Release|Any CPU.Build.0 = Release|Any CPU
		{9AA97CF5-92E4-4620-A967-8EBA7448585E}.Debug|Any CPU.ActiveCfg = Debug|Any CPU
		{9AA97CF5-92E4-4620-A967-8EBA7448585E}.Debug|Any CPU.Build.0 = Debug|Any CPU
		{9AA97CF5-92E4-4620-A967-8EBA7448585E}.Release|Any CPU.ActiveCfg = Release|Any CPU
		{9AA97CF5-92E4-4620-A967-8EBA7448585E}.Release|Any CPU.Build.0 = Release|Any CPU
		{48D70B83-9FC9-47A0-9358-F9D9F1002161}.Debug|Any CPU.ActiveCfg = Debug|Any CPU
		{48D70B83-9FC9-47A0-9358-F9D9F1002161}.Debug|Any CPU.Build.0 = Debug|Any CPU
		{48D70B83-9FC9-47A0-9358-F9D9F1002161}.Release|Any CPU.ActiveCfg = Release|Any CPU
		{48D70B83-9FC9-47A0-9358-F9D9F1002161}.Release|Any CPU.Build.0 = Release|Any CPU
		{E68B19F9-08FA-49F0-BFF0-EFFD455F0ED4}.Debug|Any CPU.ActiveCfg = Debug|Any CPU
		{E68B19F9-08FA-49F0-BFF0-EFFD455F0ED4}.Debug|Any CPU.Build.0 = Debug|Any CPU
		{E68B19F9-08FA-49F0-BFF0-EFFD455F0ED4}.Release|Any CPU.ActiveCfg = Release|Any CPU
		{E68B19F9-08FA-49F0-BFF0-EFFD455F0ED4}.Release|Any CPU.Build.0 = Release|Any CPU
		{7A38D992-2463-40D5-8602-0657F103640F}.Debug|Any CPU.ActiveCfg = Debug|Any CPU
		{7A38D992-2463-40D5-8602-0657F103640F}.Debug|Any CPU.Build.0 = Debug|Any CPU
		{7A38D992-2463-40D5-8602-0657F103640F}.Release|Any CPU.ActiveCfg = Release|Any CPU
		{7A38D992-2463-40D5-8602-0657F103640F}.Release|Any CPU.Build.0 = Release|Any CPU
		{1013874B-3843-49B1-B2BE-C12C2FEBF9DD}.Debug|Any CPU.ActiveCfg = Debug|Any CPU
		{1013874B-3843-49B1-B2BE-C12C2FEBF9DD}.Debug|Any CPU.Build.0 = Debug|Any CPU
		{1013874B-3843-49B1-B2BE-C12C2FEBF9DD}.Release|Any CPU.ActiveCfg = Release|Any CPU
		{1013874B-3843-49B1-B2BE-C12C2FEBF9DD}.Release|Any CPU.Build.0 = Release|Any CPU
		{53BC7D36-9553-4072-8A99-D84278ADABD0}.Debug|Any CPU.ActiveCfg = Debug|Any CPU
		{53BC7D36-9553-4072-8A99-D84278ADABD0}.Debug|Any CPU.Build.0 = Debug|Any CPU
		{53BC7D36-9553-4072-8A99-D84278ADABD0}.Release|Any CPU.ActiveCfg = Release|Any CPU
		{53BC7D36-9553-4072-8A99-D84278ADABD0}.Release|Any CPU.Build.0 = Release|Any CPU
		{F1BB4CBC-1921-4A34-A836-758B517287FA}.Debug|Any CPU.ActiveCfg = Debug|Any CPU
		{F1BB4CBC-1921-4A34-A836-758B517287FA}.Debug|Any CPU.Build.0 = Debug|Any CPU
		{F1BB4CBC-1921-4A34-A836-758B517287FA}.Release|Any CPU.ActiveCfg = Release|Any CPU
		{F1BB4CBC-1921-4A34-A836-758B517287FA}.Release|Any CPU.Build.0 = Release|Any CPU
		{84C075BC-5BC9-4307-9CFB-56441C567B15}.Debug|Any CPU.ActiveCfg = Debug|Any CPU
		{84C075BC-5BC9-4307-9CFB-56441C567B15}.Debug|Any CPU.Build.0 = Debug|Any CPU
		{84C075BC-5BC9-4307-9CFB-56441C567B15}.Release|Any CPU.ActiveCfg = Release|Any CPU
		{84C075BC-5BC9-4307-9CFB-56441C567B15}.Release|Any CPU.Build.0 = Release|Any CPU
		{115CEEB4-6D10-4EA0-80B0-A19EFFBDFEA1}.Debug|Any CPU.ActiveCfg = Debug|Any CPU
		{115CEEB4-6D10-4EA0-80B0-A19EFFBDFEA1}.Debug|Any CPU.Build.0 = Debug|Any CPU
		{115CEEB4-6D10-4EA0-80B0-A19EFFBDFEA1}.Release|Any CPU.ActiveCfg = Release|Any CPU
		{115CEEB4-6D10-4EA0-80B0-A19EFFBDFEA1}.Release|Any CPU.Build.0 = Release|Any CPU
		{E04144E0-4B46-4BE1-B755-208F3E557BC8}.Debug|Any CPU.ActiveCfg = Debug|Any CPU
		{E04144E0-4B46-4BE1-B755-208F3E557BC8}.Debug|Any CPU.Build.0 = Debug|Any CPU
		{E04144E0-4B46-4BE1-B755-208F3E557BC8}.Release|Any CPU.ActiveCfg = Release|Any CPU
		{E04144E0-4B46-4BE1-B755-208F3E557BC8}.Release|Any CPU.Build.0 = Release|Any CPU
		{50F51048-BF4C-4B9F-A2C8-64E69328A0B3}.Debug|Any CPU.ActiveCfg = Debug|Any CPU
		{50F51048-BF4C-4B9F-A2C8-64E69328A0B3}.Debug|Any CPU.Build.0 = Debug|Any CPU
		{50F51048-BF4C-4B9F-A2C8-64E69328A0B3}.Release|Any CPU.ActiveCfg = Release|Any CPU
		{50F51048-BF4C-4B9F-A2C8-64E69328A0B3}.Release|Any CPU.Build.0 = Release|Any CPU
		{7EA80E19-E5D6-4F5F-BD3C-0376B81C0FE4}.Debug|Any CPU.ActiveCfg = Debug|Any CPU
		{7EA80E19-E5D6-4F5F-BD3C-0376B81C0FE4}.Debug|Any CPU.Build.0 = Debug|Any CPU
		{7EA80E19-E5D6-4F5F-BD3C-0376B81C0FE4}.Release|Any CPU.ActiveCfg = Release|Any CPU
		{7EA80E19-E5D6-4F5F-BD3C-0376B81C0FE4}.Release|Any CPU.Build.0 = Release|Any CPU
		{0E51F761-C64E-45CE-9D90-B7D45ECE3EA6}.Debug|Any CPU.ActiveCfg = Debug|Any CPU
		{0E51F761-C64E-45CE-9D90-B7D45ECE3EA6}.Debug|Any CPU.Build.0 = Debug|Any CPU
		{0E51F761-C64E-45CE-9D90-B7D45ECE3EA6}.Release|Any CPU.ActiveCfg = Release|Any CPU
		{0E51F761-C64E-45CE-9D90-B7D45ECE3EA6}.Release|Any CPU.Build.0 = Release|Any CPU
		{533EA48C-9A6C-4045-ACAE-235A5A8A3A93}.Debug|Any CPU.ActiveCfg = Debug|Any CPU
		{533EA48C-9A6C-4045-ACAE-235A5A8A3A93}.Debug|Any CPU.Build.0 = Debug|Any CPU
		{533EA48C-9A6C-4045-ACAE-235A5A8A3A93}.Release|Any CPU.ActiveCfg = Release|Any CPU
		{533EA48C-9A6C-4045-ACAE-235A5A8A3A93}.Release|Any CPU.Build.0 = Release|Any CPU
		{8D00B471-D26A-4AF0-93FC-2E35F2DD0F5E}.Debug|Any CPU.ActiveCfg = Debug|Any CPU
		{8D00B471-D26A-4AF0-93FC-2E35F2DD0F5E}.Debug|Any CPU.Build.0 = Debug|Any CPU
		{8D00B471-D26A-4AF0-93FC-2E35F2DD0F5E}.Release|Any CPU.ActiveCfg = Release|Any CPU
		{8D00B471-D26A-4AF0-93FC-2E35F2DD0F5E}.Release|Any CPU.Build.0 = Release|Any CPU
		{00719DEE-02CC-41EB-BBBB-2F90DAC22B20}.Debug|Any CPU.ActiveCfg = Debug|Any CPU
		{00719DEE-02CC-41EB-BBBB-2F90DAC22B20}.Debug|Any CPU.Build.0 = Debug|Any CPU
		{00719DEE-02CC-41EB-BBBB-2F90DAC22B20}.Release|Any CPU.ActiveCfg = Release|Any CPU
		{00719DEE-02CC-41EB-BBBB-2F90DAC22B20}.Release|Any CPU.Build.0 = Release|Any CPU
		{3A7795CF-93D2-4DFE-B9A3-3CE4B533DD3A}.Debug|Any CPU.ActiveCfg = Debug|Any CPU
		{3A7795CF-93D2-4DFE-B9A3-3CE4B533DD3A}.Debug|Any CPU.Build.0 = Debug|Any CPU
		{3A7795CF-93D2-4DFE-B9A3-3CE4B533DD3A}.Release|Any CPU.ActiveCfg = Release|Any CPU
		{3A7795CF-93D2-4DFE-B9A3-3CE4B533DD3A}.Release|Any CPU.Build.0 = Release|Any CPU
		{873366A4-3632-4820-B640-939B613CE65A}.Debug|Any CPU.ActiveCfg = Debug|Any CPU
		{873366A4-3632-4820-B640-939B613CE65A}.Debug|Any CPU.Build.0 = Debug|Any CPU
		{873366A4-3632-4820-B640-939B613CE65A}.Release|Any CPU.ActiveCfg = Release|Any CPU
		{873366A4-3632-4820-B640-939B613CE65A}.Release|Any CPU.Build.0 = Release|Any CPU
		{83C5C629-A555-4EDE-AFF1-A0BDBB6BF46F}.Debug|Any CPU.ActiveCfg = Debug|Any CPU
		{83C5C629-A555-4EDE-AFF1-A0BDBB6BF46F}.Debug|Any CPU.Build.0 = Debug|Any CPU
		{83C5C629-A555-4EDE-AFF1-A0BDBB6BF46F}.Release|Any CPU.ActiveCfg = Release|Any CPU
		{83C5C629-A555-4EDE-AFF1-A0BDBB6BF46F}.Release|Any CPU.Build.0 = Release|Any CPU
	EndGlobalSection
	GlobalSection(SolutionProperties) = preSolution
		HideSolutionNode = FALSE
	EndGlobalSection
	GlobalSection(ExtensibilityGlobals) = postSolution
		SolutionGuid = {7FF10D2F-7407-4ADF-B1FE-5AFC99C53D16}
	EndGlobalSection
EndGlobal
